
Microsoft Visual Studio Solution File, Format Version 12.00
# Visual Studio Version 17
VisualStudioVersion = 17.6.33717.318
MinimumVisualStudioVersion = 10.0.40219.1
Project("{9A19103F-16F7-4668-BE54-9A1E7A4F7556}") = "HackerStory", "HackerStory\HackerStory.csproj", "{062CCA74-34C6-49A2-BA1F-EA0ACFDC2967}"
EndProject
Project("{FAE04EC0-301F-11D3-BF4B-00C04F79EFBC}") = "TestApp", "TestApp\TestApp.csproj", "{6467A076-3542-444C-8596-B17C7FFB6616}"
EndProject
Project("{FAE04EC0-301F-11D3-BF4B-00C04F79EFBC}") = "StoryLibrary", "StoryLibrary\StoryLibrary.csproj", "{A75250F6-EB71-4C1A-9294-159BCCB9107F}"
EndProject
Global
	GlobalSection(SolutionConfigurationPlatforms) = preSolution
		Debug|Any CPU = Debug|Any CPU
		Release|Any CPU = Release|Any CPU
	EndGlobalSection
	GlobalSection(ProjectConfigurationPlatforms) = postSolution
		{062CCA74-34C6-49A2-BA1F-EA0ACFDC2967}.Debug|Any CPU.ActiveCfg = Debug|Any CPU
		{062CCA74-34C6-49A2-BA1F-EA0ACFDC2967}.Debug|Any CPU.Build.0 = Debug|Any CPU
		{062CCA74-34C6-49A2-BA1F-EA0ACFDC2967}.Release|Any CPU.ActiveCfg = Release|Any CPU
		{062CCA74-34C6-49A2-BA1F-EA0ACFDC2967}.Release|Any CPU.Build.0 = Release|Any CPU
		{6467A076-3542-444C-8596-B17C7FFB6616}.Debug|Any CPU.ActiveCfg = Debug|Any CPU
		{6467A076-3542-444C-8596-B17C7FFB6616}.Debug|Any CPU.Build.0 = Debug|Any CPU
		{6467A076-3542-444C-8596-B17C7FFB6616}.Release|Any CPU.ActiveCfg = Release|Any CPU
		{6467A076-3542-444C-8596-B17C7FFB6616}.Release|Any CPU.Build.0 = Release|Any CPU
		{A75250F6-EB71-4C1A-9294-159BCCB9107F}.Debug|Any CPU.ActiveCfg = Debug|Any CPU
		{A75250F6-EB71-4C1A-9294-159BCCB9107F}.Debug|Any CPU.Build.0 = Debug|Any CPU
		{A75250F6-EB71-4C1A-9294-159BCCB9107F}.Release|Any CPU.ActiveCfg = Release|Any CPU
		{A75250F6-EB71-4C1A-9294-159BCCB9107F}.Release|Any CPU.Build.0 = Release|Any CPU
	EndGlobalSection
	GlobalSection(SolutionProperties) = preSolution
		HideSolutionNode = FALSE
	EndGlobalSection
	GlobalSection(ExtensibilityGlobals) = postSolution
		SolutionGuid = {F50949B6-8B33-4EC7-BE21-B0DE85B006C5}
	EndGlobalSection
EndGlobal
